<Solution>
  <Folder Name="/src/">
    <Project Path="src/XgbHmi.Core/XgbHmi.Core.fsproj" />
    <Project Path="src/XgbHmi.Protocol/XgbHmi.Protocol.fsproj" />
    <Project Path="src/XgbHmi.App/XgbHmi.App.fsproj" />
  </Folder>
  <Folder Name="/tests/">
    <Project Path="tests/XgbHmi.Tests/XgbHmi.Tests.fsproj" />
  </Folder>
  <Folder Name="/tools/">
    <Project Path="tools/ShotHarness/ShotHarness.fsproj" />
    <Project Path="tools/FakePlc/FakePlc.fsproj" />
  </Folder>
</Solution>
